// !$*UTF8*$!
{
	archiveVersion = 1;
	classes = {
	};
	objectVersion = 56;
	objects = {

/* Begin PBXBuildFile section */
		620929A72A74072800B18959 /* MapPinView.swift in Sources */ = {isa = PBXBuildFile; fileRef = 620929A62A74072800B18959 /* MapPinView.swift */; };
		6213F46F2A73F51700F88877 /* MapPin.swift in Sources */ = {isa = PBXBuildFile; fileRef = 6213F46E2A73F51600F88877 /* MapPin.swift */; };
		621A70442A3B3BC800A04669 /* EVChargePointsApp.swift in Sources */ = {isa = PBXBuildFile; fileRef = 621A70432A3B3BC800A04669 /* EVChargePointsApp.swift */; };
		621A70462A3B3BC800A04669 /* ChargePointListView.swift in Sources */ = {isa = PBXBuildFile; fileRef = 621A70452A3B3BC800A04669 /* ChargePointListView.swift */; };
		621A70482A3B3BC900A04669 /* Assets.xcassets in Resources */ = {isa = PBXBuildFile; fileRef = 621A70472A3B3BC900A04669 /* Assets.xcassets */; };
		621A704B2A3B3BC900A04669 /* Preview Assets.xcassets in Resources */ = {isa = PBXBuildFile; fileRef = 621A704A2A3B3BC900A04669 /* Preview Assets.xcassets */; };
		6223CA492A3CF46E00A87875 /* NetworkManager.swift in Sources */ = {isa = PBXBuildFile; fileRef = 6223CA482A3CF46E00A87875 /* NetworkManager.swift */; };
		6223CA4F2A3CFD9F00A87875 /* ChargePointData.swift in Sources */ = {isa = PBXBuildFile; fileRef = 6223CA4E2A3CFD9F00A87875 /* ChargePointData.swift */; };
		6223CA512A3CFDC300A87875 /* ChargePointViewModel.swift in Sources */ = {isa = PBXBuildFile; fileRef = 6223CA502A3CFDC300A87875 /* ChargePointViewModel.swift */; };
		6223CA532A3DEAE700A87875 /* Endpoint.swift in Sources */ = {isa = PBXBuildFile; fileRef = 6223CA522A3DEAE700A87875 /* Endpoint.swift */; };
		6255F90D2A72A178006FF6C9 /* VM+DistanceFormatting.swift in Sources */ = {isa = PBXBuildFile; fileRef = 6255F90C2A72A178006FF6C9 /* VM+DistanceFormatting.swift */; };
		6255F90F2A72A284006FF6C9 /* VM+AddressFormatting.swift in Sources */ = {isa = PBXBuildFile; fileRef = 6255F90E2A72A284006FF6C9 /* VM+AddressFormatting.swift */; };
		625CEF5B2A62CC1500A82048 /* AppColors.swift in Sources */ = {isa = PBXBuildFile; fileRef = 625CEF5A2A62CC1500A82048 /* AppColors.swift */; };
		625CEF5D2A65540E00A82048 /* Symbols.swift in Sources */ = {isa = PBXBuildFile; fileRef = 625CEF5C2A65540E00A82048 /* Symbols.swift */; };
		625CEF602A65557400A82048 /* ChargeDevice.swift in Sources */ = {isa = PBXBuildFile; fileRef = 625CEF5F2A65557400A82048 /* ChargeDevice.swift */; };
		625CEF622A6555B900A82048 /* LocationType.swift in Sources */ = {isa = PBXBuildFile; fileRef = 625CEF612A6555B900A82048 /* LocationType.swift */; };
		625CEF642A65563100A82048 /* Connector.swift in Sources */ = {isa = PBXBuildFile; fileRef = 625CEF632A65563100A82048 /* Connector.swift */; };
		625CEF662A65565D00A82048 /* DeviceAccess.swift in Sources */ = {isa = PBXBuildFile; fileRef = 625CEF652A65565D00A82048 /* DeviceAccess.swift */; };
		625CEF682A65569400A82048 /* DeviceController.swift in Sources */ = {isa = PBXBuildFile; fileRef = 625CEF672A65569400A82048 /* DeviceController.swift */; };
		625CEF6A2A6556C000A82048 /* DeviceOwner.swift in Sources */ = {isa = PBXBuildFile; fileRef = 625CEF692A6556C000A82048 /* DeviceOwner.swift */; };
		625CEF6C2A6556FB00A82048 /* ChargeDeviceLocation.swift in Sources */ = {isa = PBXBuildFile; fileRef = 625CEF6B2A6556FB00A82048 /* ChargeDeviceLocation.swift */; };
		625CEF6E2A65648C00A82048 /* Validator.swift in Sources */ = {isa = PBXBuildFile; fileRef = 625CEF6D2A65648C00A82048 /* Validator.swift */; };
		625CEF722A65934800A82048 /* NetworkData.swift in Sources */ = {isa = PBXBuildFile; fileRef = 625CEF712A65934800A82048 /* NetworkData.swift */; };
		625EB1492A72A01E00E36AA3 /* VM+RegularOpenings.swift in Sources */ = {isa = PBXBuildFile; fileRef = 625EB1482A72A01E00E36AA3 /* VM+RegularOpenings.swift */; };
		626810432A61595F0032C3CA /* ChargePointRow.swift in Sources */ = {isa = PBXBuildFile; fileRef = 626810422A61595F0032C3CA /* ChargePointRow.swift */; };
		626810452A616A020032C3CA /* MockChargePoints.swift in Sources */ = {isa = PBXBuildFile; fileRef = 626810442A616A020032C3CA /* MockChargePoints.swift */; };
		62718B1D2A51D7AA004F0168 /* EndpointTests.swift in Sources */ = {isa = PBXBuildFile; fileRef = 62718B1C2A51D7AA004F0168 /* EndpointTests.swift */; };
		62718B2B2A51E356004F0168 /* DecodeJSONTests.swift in Sources */ = {isa = PBXBuildFile; fileRef = 62718B2A2A51E356004F0168 /* DecodeJSONTests.swift */; };
		62718B2E2A51E464004F0168 /* StaticJSONMapper.swift in Sources */ = {isa = PBXBuildFile; fileRef = 62718B2D2A51E464004F0168 /* StaticJSONMapper.swift */; };
		62718B332A52038F004F0168 /* DecodeJSON.swift in Sources */ = {isa = PBXBuildFile; fileRef = 62718B322A52038F004F0168 /* DecodeJSON.swift */; };
		62718BA12A532B01004F0168 /* TabsTests.swift in Sources */ = {isa = PBXBuildFile; fileRef = 62718BA02A532B01004F0168 /* TabsTests.swift */; };
		62718BA42A533093004F0168 /* MockURLSessionProtocol.swift in Sources */ = {isa = PBXBuildFile; fileRef = 62718BA32A533093004F0168 /* MockURLSessionProtocol.swift */; };
		62718BA72A53314B004F0168 /* NetworkManagerSuccessMock.swift in Sources */ = {isa = PBXBuildFile; fileRef = 62718BA52A53314B004F0168 /* NetworkManagerSuccessMock.swift */; };
		62718BA82A53314B004F0168 /* NetworkManagerFailureMock.swift in Sources */ = {isa = PBXBuildFile; fileRef = 62718BA62A53314B004F0168 /* NetworkManagerFailureMock.swift */; };
		62718BAB2A5332D6004F0168 /* UITestingHelper.swift in Sources */ = {isa = PBXBuildFile; fileRef = 62718BAA2A5332D6004F0168 /* UITestingHelper.swift */; };
		62718BAF2A533B3F004F0168 /* NetworkManagerTests.swift in Sources */ = {isa = PBXBuildFile; fileRef = 62718BAE2A533B3F004F0168 /* NetworkManagerTests.swift */; };
		627531D92A6946E000F0D8A6 /* NavigationRouter.swift in Sources */ = {isa = PBXBuildFile; fileRef = 627531D82A6946E000F0D8A6 /* NavigationRouter.swift */; };
		627531DB2A69470800F0D8A6 /* Route.swift in Sources */ = {isa = PBXBuildFile; fileRef = 627531DA2A69470800F0D8A6 /* Route.swift */; };
		6285AFE32A7AF92900F78AD7 /* NetworkData.json in Resources */ = {isa = PBXBuildFile; fileRef = 6285AFE22A7AF92900F78AD7 /* NetworkData.json */; };
		6285AFE52A7AFF6600F78AD7 /* SFSymbolImageBounce.swift in Sources */ = {isa = PBXBuildFile; fileRef = 6285AFE42A7AFF6600F78AD7 /* SFSymbolImageBounce.swift */; };
		628C33102A61E8AE00232351 /* Address.swift in Sources */ = {isa = PBXBuildFile; fileRef = 628C330F2A61E8AE00232351 /* Address.swift */; };
		628C33132A61E91A00232351 /* String+Ext.swift in Sources */ = {isa = PBXBuildFile; fileRef = 628C33122A61E91A00232351 /* String+Ext.swift */; };
		628E15C52A71A9930081D8C4 /* SE1 7PB - London Eye - 1 mile - connector-type-id 4.json in Resources */ = {isa = PBXBuildFile; fileRef = 628E15C42A71A9930081D8C4 /* SE1 7PB - London Eye - 1 mile - connector-type-id 4.json */; };
		628FDF232A758BA000E85672 /* VM+ConnectorTypes.swift in Sources */ = {isa = PBXBuildFile; fileRef = 628FDF222A758BA000E85672 /* VM+ConnectorTypes.swift */; };
		628FDF2A2A75968800E85672 /* ConnectorFiltersView.swift in Sources */ = {isa = PBXBuildFile; fileRef = 628FDF242A75968800E85672 /* ConnectorFiltersView.swift */; };
		628FDF2B2A75968800E85672 /* NetworkFiltersView.swift in Sources */ = {isa = PBXBuildFile; fileRef = 628FDF252A75968800E85672 /* NetworkFiltersView.swift */; };
		628FDF2C2A75968800E85672 /* PaymentFiltersView.swift in Sources */ = {isa = PBXBuildFile; fileRef = 628FDF262A75968800E85672 /* PaymentFiltersView.swift */; };
		628FDF2D2A75968800E85672 /* LocationFiltersView.swift in Sources */ = {isa = PBXBuildFile; fileRef = 628FDF272A75968800E85672 /* LocationFiltersView.swift */; };
		628FDF2E2A75968800E85672 /* ChargerFiltersView.swift in Sources */ = {isa = PBXBuildFile; fileRef = 628FDF282A75968800E85672 /* ChargerFiltersView.swift */; };
		628FDF2F2A75968800E85672 /* AccessFiltersView.swift in Sources */ = {isa = PBXBuildFile; fileRef = 628FDF292A75968800E85672 /* AccessFiltersView.swift */; };
		62918F2D2A76F76B0099418A /* AccessData.swift in Sources */ = {isa = PBXBuildFile; fileRef = 62918F2C2A76F76B0099418A /* AccessData.swift */; };
		62918F302A76FD8B0099418A /* ChargerData.swift in Sources */ = {isa = PBXBuildFile; fileRef = 62918F2F2A76FD8B0099418A /* ChargerData.swift */; };
		62918F342A7703A20099418A /* PaymentData.swift in Sources */ = {isa = PBXBuildFile; fileRef = 62918F332A7703A20099418A /* PaymentData.swift */; };
		62918F362A7705280099418A /* FiltersViewModel.swift in Sources */ = {isa = PBXBuildFile; fileRef = 62918F352A7705280099418A /* FiltersViewModel.swift */; };
		62918F3A2A771BFF0099418A /* LocationData.swift in Sources */ = {isa = PBXBuildFile; fileRef = 62918F392A771BFF0099418A /* LocationData.swift */; };
		62918F402A77BDE00099418A /* ConnectorData.swift in Sources */ = {isa = PBXBuildFile; fileRef = 62918F3F2A77BDE00099418A /* ConnectorData.swift */; };
		62B32CAE2A4DC3E500C6E8DF /* ChargePointDetailView.swift in Sources */ = {isa = PBXBuildFile; fileRef = 62B32CAD2A4DC3E500C6E8DF /* ChargePointDetailView.swift */; };
		62B32CB02A4DC3F300C6E8DF /* MapView.swift in Sources */ = {isa = PBXBuildFile; fileRef = 62B32CAF2A4DC3F300C6E8DF /* MapView.swift */; };
		62B32CB22A4DC6F600C6E8DF /* Tabs.swift in Sources */ = {isa = PBXBuildFile; fileRef = 62B32CB12A4DC6F600C6E8DF /* Tabs.swift */; };
		62B32CB72A4DCDD900C6E8DF /* RoutesView.swift in Sources */ = {isa = PBXBuildFile; fileRef = 62B32CB62A4DCDD900C6E8DF /* RoutesView.swift */; };
		62B32CB92A4DCDE600C6E8DF /* SettingsView.swift in Sources */ = {isa = PBXBuildFile; fileRef = 62B32CB82A4DCDE600C6E8DF /* SettingsView.swift */; };
		62B32CBB2A4DCDF900C6E8DF /* FiltersView.swift in Sources */ = {isa = PBXBuildFile; fileRef = 62B32CBA2A4DCDF900C6E8DF /* FiltersView.swift */; };
		62B32CC12A4DCE8A00C6E8DF /* RecentSearchesView.swift in Sources */ = {isa = PBXBuildFile; fileRef = 62B32CC02A4DCE8A00C6E8DF /* RecentSearchesView.swift */; };
		62B32CC42A4DDCB200C6E8DF /* UserDefaultKeys.swift in Sources */ = {isa = PBXBuildFile; fileRef = 62B32CC32A4DDCB200C6E8DF /* UserDefaultKeys.swift */; };
		62B777B72A79AEE100C3857F /* SymbolImageAnimated.swift in Sources */ = {isa = PBXBuildFile; fileRef = 62B777B62A79AEE100C3857F /* SymbolImageAnimated.swift */; };
		62B777B92A79B8C700C3857F /* SFSymbolImageAnimated.swift in Sources */ = {isa = PBXBuildFile; fileRef = 62B777B82A79B8C700C3857F /* SFSymbolImageAnimated.swift */; };
		62B777C02A7A853100C3857F /* AccessData.json in Resources */ = {isa = PBXBuildFile; fileRef = 62B777BA2A7A853000C3857F /* AccessData.json */; };
		62B777C12A7A853100C3857F /* PaymentData.json in Resources */ = {isa = PBXBuildFile; fileRef = 62B777BB2A7A853000C3857F /* PaymentData.json */; };
		62B777C22A7A853100C3857F /* ConnectorData.json in Resources */ = {isa = PBXBuildFile; fileRef = 62B777BC2A7A853100C3857F /* ConnectorData.json */; };
		62B777C32A7A853100C3857F /* ChargerData.json in Resources */ = {isa = PBXBuildFile; fileRef = 62B777BD2A7A853100C3857F /* ChargerData.json */; };
		62B777C82A7AA8B800C3857F /* ToggleWithSymbol.swift in Sources */ = {isa = PBXBuildFile; fileRef = 62B777C62A7AA8B800C3857F /* ToggleWithSymbol.swift */; };
		62B777C92A7AA8B800C3857F /* ToggleWithGraphic.swift in Sources */ = {isa = PBXBuildFile; fileRef = 62B777C72A7AA8B800C3857F /* ToggleWithGraphic.swift */; };
		62B777CB2A7AAC6300C3857F /* LocationData.json in Resources */ = {isa = PBXBuildFile; fileRef = 62B777CA2A7AAC6300C3857F /* LocationData.json */; };
		62B9EA892A72DC6600629421 /* DeviceMapItem.swift in Sources */ = {isa = PBXBuildFile; fileRef = 62B9EA882A72DC6600629421 /* DeviceMapItem.swift */; };
		62C9F6622A68033B00151FB4 /* View+Navigation.swift in Sources */ = {isa = PBXBuildFile; fileRef = 62C9F6612A68033B00151FB4 /* View+Navigation.swift */; };
		62C9F6642A68044800151FB4 /* ChargePointInfoView.swift in Sources */ = {isa = PBXBuildFile; fileRef = 62C9F6632A68044800151FB4 /* ChargePointInfoView.swift */; };
		62C9F6662A68045300151FB4 /* ChargePointDevicesView.swift in Sources */ = {isa = PBXBuildFile; fileRef = 62C9F6652A68045300151FB4 /* ChargePointDevicesView.swift */; };
		62DFA74B2A6D400000208E1B /* LocationManager.swift in Sources */ = {isa = PBXBuildFile; fileRef = 62DFA74A2A6D400000208E1B /* LocationManager.swift */; };
		62DFA7512A6DB0A600208E1B /* Color+Ext.swift in Sources */ = {isa = PBXBuildFile; fileRef = 62DFA7502A6DB0A600208E1B /* Color+Ext.swift */; };
		62E16DDB2A72D77500DB3B01 /* LocationDetailsView.swift in Sources */ = {isa = PBXBuildFile; fileRef = 62E16DDA2A72D77500DB3B01 /* LocationDetailsView.swift */; };
		62FCCDCA2A72A094004A9778 /* VM+NetworkData.swift in Sources */ = {isa = PBXBuildFile; fileRef = 62FCCDC92A72A094004A9778 /* VM+NetworkData.swift */; };
/* End PBXBuildFile section */

/* Begin PBXContainerItemProxy section */
		62B32CA42A4DBE4800C6E8DF /* PBXContainerItemProxy */ = {
			isa = PBXContainerItemProxy;
			containerPortal = 621A70382A3B3BC800A04669 /* Project object */;
			proxyType = 1;
			remoteGlobalIDString = 621A703F2A3B3BC800A04669;
			remoteInfo = EVChargePoints;
		};
/* End PBXContainerItemProxy section */

/* Begin PBXFileReference section */
		620929A62A74072800B18959 /* MapPinView.swift */ = {isa = PBXFileReference; lastKnownFileType = sourcecode.swift; path = MapPinView.swift; sourceTree = "<group>"; };
		6213F46E2A73F51600F88877 /* MapPin.swift */ = {isa = PBXFileReference; fileEncoding = 4; lastKnownFileType = sourcecode.swift; path = MapPin.swift; sourceTree = "<group>"; };
		621A70402A3B3BC800A04669 /* EVChargePoints.app */ = {isa = PBXFileReference; explicitFileType = wrapper.application; includeInIndex = 0; path = EVChargePoints.app; sourceTree = BUILT_PRODUCTS_DIR; };
		621A70432A3B3BC800A04669 /* EVChargePointsApp.swift */ = {isa = PBXFileReference; lastKnownFileType = sourcecode.swift; path = EVChargePointsApp.swift; sourceTree = "<group>"; };
		621A70452A3B3BC800A04669 /* ChargePointListView.swift */ = {isa = PBXFileReference; lastKnownFileType = sourcecode.swift; path = ChargePointListView.swift; sourceTree = "<group>"; };
		621A70472A3B3BC900A04669 /* Assets.xcassets */ = {isa = PBXFileReference; lastKnownFileType = folder.assetcatalog; path = Assets.xcassets; sourceTree = "<group>"; };
		621A704A2A3B3BC900A04669 /* Preview Assets.xcassets */ = {isa = PBXFileReference; lastKnownFileType = folder.assetcatalog; path = "Preview Assets.xcassets"; sourceTree = "<group>"; };
		6223CA482A3CF46E00A87875 /* NetworkManager.swift */ = {isa = PBXFileReference; lastKnownFileType = sourcecode.swift; path = NetworkManager.swift; sourceTree = "<group>"; };
		6223CA4E2A3CFD9F00A87875 /* ChargePointData.swift */ = {isa = PBXFileReference; fileEncoding = 4; lastKnownFileType = sourcecode.swift; path = ChargePointData.swift; sourceTree = "<group>"; };
		6223CA502A3CFDC300A87875 /* ChargePointViewModel.swift */ = {isa = PBXFileReference; lastKnownFileType = sourcecode.swift; path = ChargePointViewModel.swift; sourceTree = "<group>"; };
		6223CA522A3DEAE700A87875 /* Endpoint.swift */ = {isa = PBXFileReference; lastKnownFileType = sourcecode.swift; path = Endpoint.swift; sourceTree = "<group>"; };
		6255F90C2A72A178006FF6C9 /* VM+DistanceFormatting.swift */ = {isa = PBXFileReference; fileEncoding = 4; lastKnownFileType = sourcecode.swift; path = "VM+DistanceFormatting.swift"; sourceTree = "<group>"; };
		6255F90E2A72A284006FF6C9 /* VM+AddressFormatting.swift */ = {isa = PBXFileReference; fileEncoding = 4; lastKnownFileType = sourcecode.swift; path = "VM+AddressFormatting.swift"; sourceTree = "<group>"; };
		625CEF5A2A62CC1500A82048 /* AppColors.swift */ = {isa = PBXFileReference; lastKnownFileType = sourcecode.swift; path = AppColors.swift; sourceTree = "<group>"; };
		625CEF5C2A65540E00A82048 /* Symbols.swift */ = {isa = PBXFileReference; lastKnownFileType = sourcecode.swift; path = Symbols.swift; sourceTree = "<group>"; };
		625CEF5F2A65557400A82048 /* ChargeDevice.swift */ = {isa = PBXFileReference; lastKnownFileType = sourcecode.swift; path = ChargeDevice.swift; sourceTree = "<group>"; };
		625CEF612A6555B900A82048 /* LocationType.swift */ = {isa = PBXFileReference; lastKnownFileType = sourcecode.swift; path = LocationType.swift; sourceTree = "<group>"; };
		625CEF632A65563100A82048 /* Connector.swift */ = {isa = PBXFileReference; lastKnownFileType = sourcecode.swift; path = Connector.swift; sourceTree = "<group>"; };
		625CEF652A65565D00A82048 /* DeviceAccess.swift */ = {isa = PBXFileReference; lastKnownFileType = sourcecode.swift; path = DeviceAccess.swift; sourceTree = "<group>"; };
		625CEF672A65569400A82048 /* DeviceController.swift */ = {isa = PBXFileReference; lastKnownFileType = sourcecode.swift; path = DeviceController.swift; sourceTree = "<group>"; };
		625CEF692A6556C000A82048 /* DeviceOwner.swift */ = {isa = PBXFileReference; lastKnownFileType = sourcecode.swift; path = DeviceOwner.swift; sourceTree = "<group>"; };
		625CEF6B2A6556FB00A82048 /* ChargeDeviceLocation.swift */ = {isa = PBXFileReference; lastKnownFileType = sourcecode.swift; path = ChargeDeviceLocation.swift; sourceTree = "<group>"; };
		625CEF6D2A65648C00A82048 /* Validator.swift */ = {isa = PBXFileReference; lastKnownFileType = sourcecode.swift; path = Validator.swift; sourceTree = "<group>"; };
		625CEF712A65934800A82048 /* NetworkData.swift */ = {isa = PBXFileReference; lastKnownFileType = sourcecode.swift; path = NetworkData.swift; sourceTree = "<group>"; };
		625EB1482A72A01E00E36AA3 /* VM+RegularOpenings.swift */ = {isa = PBXFileReference; fileEncoding = 4; lastKnownFileType = sourcecode.swift; path = "VM+RegularOpenings.swift"; sourceTree = "<group>"; };
		626810422A61595F0032C3CA /* ChargePointRow.swift */ = {isa = PBXFileReference; lastKnownFileType = sourcecode.swift; path = ChargePointRow.swift; sourceTree = "<group>"; };
		626810442A616A020032C3CA /* MockChargePoints.swift */ = {isa = PBXFileReference; lastKnownFileType = sourcecode.swift; path = MockChargePoints.swift; sourceTree = "<group>"; };
		62718B1C2A51D7AA004F0168 /* EndpointTests.swift */ = {isa = PBXFileReference; lastKnownFileType = sourcecode.swift; path = EndpointTests.swift; sourceTree = "<group>"; };
		62718B2A2A51E356004F0168 /* DecodeJSONTests.swift */ = {isa = PBXFileReference; lastKnownFileType = sourcecode.swift; path = DecodeJSONTests.swift; sourceTree = "<group>"; };
		62718B2D2A51E464004F0168 /* StaticJSONMapper.swift */ = {isa = PBXFileReference; lastKnownFileType = sourcecode.swift; path = StaticJSONMapper.swift; sourceTree = "<group>"; };
		62718B322A52038F004F0168 /* DecodeJSON.swift */ = {isa = PBXFileReference; lastKnownFileType = sourcecode.swift; path = DecodeJSON.swift; sourceTree = "<group>"; };
		62718BA02A532B01004F0168 /* TabsTests.swift */ = {isa = PBXFileReference; lastKnownFileType = sourcecode.swift; path = TabsTests.swift; sourceTree = "<group>"; };
		62718BA32A533093004F0168 /* MockURLSessionProtocol.swift */ = {isa = PBXFileReference; fileEncoding = 4; lastKnownFileType = sourcecode.swift; path = MockURLSessionProtocol.swift; sourceTree = "<group>"; };
		62718BA52A53314B004F0168 /* NetworkManagerSuccessMock.swift */ = {isa = PBXFileReference; fileEncoding = 4; lastKnownFileType = sourcecode.swift; path = NetworkManagerSuccessMock.swift; sourceTree = "<group>"; };
		62718BA62A53314B004F0168 /* NetworkManagerFailureMock.swift */ = {isa = PBXFileReference; fileEncoding = 4; lastKnownFileType = sourcecode.swift; path = NetworkManagerFailureMock.swift; sourceTree = "<group>"; };
		62718BAA2A5332D6004F0168 /* UITestingHelper.swift */ = {isa = PBXFileReference; fileEncoding = 4; lastKnownFileType = sourcecode.swift; path = UITestingHelper.swift; sourceTree = "<group>"; };
		62718BAE2A533B3F004F0168 /* NetworkManagerTests.swift */ = {isa = PBXFileReference; lastKnownFileType = sourcecode.swift; path = NetworkManagerTests.swift; sourceTree = "<group>"; };
		627531D82A6946E000F0D8A6 /* NavigationRouter.swift */ = {isa = PBXFileReference; fileEncoding = 4; lastKnownFileType = sourcecode.swift; path = NavigationRouter.swift; sourceTree = "<group>"; };
		627531DA2A69470800F0D8A6 /* Route.swift */ = {isa = PBXFileReference; fileEncoding = 4; lastKnownFileType = sourcecode.swift; path = Route.swift; sourceTree = "<group>"; };
		6285AFE22A7AF92900F78AD7 /* NetworkData.json */ = {isa = PBXFileReference; fileEncoding = 4; lastKnownFileType = text.json; path = NetworkData.json; sourceTree = "<group>"; };
		6285AFE42A7AFF6600F78AD7 /* SFSymbolImageBounce.swift */ = {isa = PBXFileReference; fileEncoding = 4; lastKnownFileType = sourcecode.swift; path = SFSymbolImageBounce.swift; sourceTree = "<group>"; };
		628C330F2A61E8AE00232351 /* Address.swift */ = {isa = PBXFileReference; lastKnownFileType = sourcecode.swift; path = Address.swift; sourceTree = "<group>"; };
		628C33122A61E91A00232351 /* String+Ext.swift */ = {isa = PBXFileReference; lastKnownFileType = sourcecode.swift; path = "String+Ext.swift"; sourceTree = "<group>"; };
		628E15C42A71A9930081D8C4 /* SE1 7PB - London Eye - 1 mile - connector-type-id 4.json */ = {isa = PBXFileReference; fileEncoding = 4; lastKnownFileType = text.json; path = "SE1 7PB - London Eye - 1 mile - connector-type-id 4.json"; sourceTree = "<group>"; };
		628FDF222A758BA000E85672 /* VM+ConnectorTypes.swift */ = {isa = PBXFileReference; fileEncoding = 4; lastKnownFileType = sourcecode.swift; path = "VM+ConnectorTypes.swift"; sourceTree = "<group>"; };
		628FDF242A75968800E85672 /* ConnectorFiltersView.swift */ = {isa = PBXFileReference; fileEncoding = 4; lastKnownFileType = sourcecode.swift; path = ConnectorFiltersView.swift; sourceTree = "<group>"; };
		628FDF252A75968800E85672 /* NetworkFiltersView.swift */ = {isa = PBXFileReference; fileEncoding = 4; lastKnownFileType = sourcecode.swift; path = NetworkFiltersView.swift; sourceTree = "<group>"; };
		628FDF262A75968800E85672 /* PaymentFiltersView.swift */ = {isa = PBXFileReference; fileEncoding = 4; lastKnownFileType = sourcecode.swift; path = PaymentFiltersView.swift; sourceTree = "<group>"; };
		628FDF272A75968800E85672 /* LocationFiltersView.swift */ = {isa = PBXFileReference; fileEncoding = 4; lastKnownFileType = sourcecode.swift; path = LocationFiltersView.swift; sourceTree = "<group>"; };
		628FDF282A75968800E85672 /* ChargerFiltersView.swift */ = {isa = PBXFileReference; fileEncoding = 4; lastKnownFileType = sourcecode.swift; path = ChargerFiltersView.swift; sourceTree = "<group>"; };
		628FDF292A75968800E85672 /* AccessFiltersView.swift */ = {isa = PBXFileReference; fileEncoding = 4; lastKnownFileType = sourcecode.swift; path = AccessFiltersView.swift; sourceTree = "<group>"; };
		62918F2C2A76F76B0099418A /* AccessData.swift */ = {isa = PBXFileReference; fileEncoding = 4; lastKnownFileType = sourcecode.swift; path = AccessData.swift; sourceTree = "<group>"; };
		62918F2F2A76FD8B0099418A /* ChargerData.swift */ = {isa = PBXFileReference; fileEncoding = 4; lastKnownFileType = sourcecode.swift; path = ChargerData.swift; sourceTree = "<group>"; };
		62918F332A7703A20099418A /* PaymentData.swift */ = {isa = PBXFileReference; fileEncoding = 4; lastKnownFileType = sourcecode.swift; path = PaymentData.swift; sourceTree = "<group>"; };
		62918F352A7705280099418A /* FiltersViewModel.swift */ = {isa = PBXFileReference; fileEncoding = 4; lastKnownFileType = sourcecode.swift; path = FiltersViewModel.swift; sourceTree = "<group>"; };
		62918F392A771BFF0099418A /* LocationData.swift */ = {isa = PBXFileReference; fileEncoding = 4; lastKnownFileType = sourcecode.swift; path = LocationData.swift; sourceTree = "<group>"; };
		62918F3F2A77BDE00099418A /* ConnectorData.swift */ = {isa = PBXFileReference; fileEncoding = 4; lastKnownFileType = sourcecode.swift; path = ConnectorData.swift; sourceTree = "<group>"; };
		62B32CA02A4DBE4800C6E8DF /* EVChargePointsTests.xctest */ = {isa = PBXFileReference; explicitFileType = wrapper.cfbundle; includeInIndex = 0; path = EVChargePointsTests.xctest; sourceTree = BUILT_PRODUCTS_DIR; };
		62B32CAD2A4DC3E500C6E8DF /* ChargePointDetailView.swift */ = {isa = PBXFileReference; lastKnownFileType = sourcecode.swift; path = ChargePointDetailView.swift; sourceTree = "<group>"; };
		62B32CAF2A4DC3F300C6E8DF /* MapView.swift */ = {isa = PBXFileReference; lastKnownFileType = sourcecode.swift; path = MapView.swift; sourceTree = "<group>"; };
		62B32CB12A4DC6F600C6E8DF /* Tabs.swift */ = {isa = PBXFileReference; lastKnownFileType = sourcecode.swift; path = Tabs.swift; sourceTree = "<group>"; };
		62B32CB62A4DCDD900C6E8DF /* RoutesView.swift */ = {isa = PBXFileReference; lastKnownFileType = sourcecode.swift; path = RoutesView.swift; sourceTree = "<group>"; };
		62B32CB82A4DCDE600C6E8DF /* SettingsView.swift */ = {isa = PBXFileReference; lastKnownFileType = sourcecode.swift; path = SettingsView.swift; sourceTree = "<group>"; };
		62B32CBA2A4DCDF900C6E8DF /* FiltersView.swift */ = {isa = PBXFileReference; lastKnownFileType = sourcecode.swift; path = FiltersView.swift; sourceTree = "<group>"; };
		62B32CC02A4DCE8A00C6E8DF /* RecentSearchesView.swift */ = {isa = PBXFileReference; lastKnownFileType = sourcecode.swift; path = RecentSearchesView.swift; sourceTree = "<group>"; };
		62B32CC32A4DDCB200C6E8DF /* UserDefaultKeys.swift */ = {isa = PBXFileReference; lastKnownFileType = sourcecode.swift; path = UserDefaultKeys.swift; sourceTree = "<group>"; };
		62B777B62A79AEE100C3857F /* SymbolImageAnimated.swift */ = {isa = PBXFileReference; fileEncoding = 4; lastKnownFileType = sourcecode.swift; name = SymbolImageAnimated.swift; path = EVChargePoints/Base/Views/SymbolImageAnimated.swift; sourceTree = SOURCE_ROOT; };
		62B777B82A79B8C700C3857F /* SFSymbolImageAnimated.swift */ = {isa = PBXFileReference; fileEncoding = 4; lastKnownFileType = sourcecode.swift; path = SFSymbolImageAnimated.swift; sourceTree = "<group>"; };
		62B777BA2A7A853000C3857F /* AccessData.json */ = {isa = PBXFileReference; fileEncoding = 4; lastKnownFileType = text.json; path = AccessData.json; sourceTree = "<group>"; };
		62B777BB2A7A853000C3857F /* PaymentData.json */ = {isa = PBXFileReference; fileEncoding = 4; lastKnownFileType = text.json; path = PaymentData.json; sourceTree = "<group>"; };
		62B777BC2A7A853100C3857F /* ConnectorData.json */ = {isa = PBXFileReference; fileEncoding = 4; lastKnownFileType = text.json; path = ConnectorData.json; sourceTree = "<group>"; };
		62B777BD2A7A853100C3857F /* ChargerData.json */ = {isa = PBXFileReference; fileEncoding = 4; lastKnownFileType = text.json; path = ChargerData.json; sourceTree = "<group>"; };
		62B777C62A7AA8B800C3857F /* ToggleWithSymbol.swift */ = {isa = PBXFileReference; fileEncoding = 4; lastKnownFileType = sourcecode.swift; path = ToggleWithSymbol.swift; sourceTree = "<group>"; };
		62B777C72A7AA8B800C3857F /* ToggleWithGraphic.swift */ = {isa = PBXFileReference; fileEncoding = 4; lastKnownFileType = sourcecode.swift; path = ToggleWithGraphic.swift; sourceTree = "<group>"; };
		62B777CA2A7AAC6300C3857F /* LocationData.json */ = {isa = PBXFileReference; fileEncoding = 4; lastKnownFileType = text.json; path = LocationData.json; sourceTree = "<group>"; };
		62B9EA882A72DC6600629421 /* DeviceMapItem.swift */ = {isa = PBXFileReference; fileEncoding = 4; lastKnownFileType = sourcecode.swift; name = DeviceMapItem.swift; path = EVChargePoints/Base/Model/DeviceMapItem.swift; sourceTree = SOURCE_ROOT; };
		62C9F6612A68033B00151FB4 /* View+Navigation.swift */ = {isa = PBXFileReference; fileEncoding = 4; lastKnownFileType = sourcecode.swift; path = "View+Navigation.swift"; sourceTree = "<group>"; };
		62C9F6632A68044800151FB4 /* ChargePointInfoView.swift */ = {isa = PBXFileReference; fileEncoding = 4; lastKnownFileType = sourcecode.swift; path = ChargePointInfoView.swift; sourceTree = "<group>"; };
		62C9F6652A68045300151FB4 /* ChargePointDevicesView.swift */ = {isa = PBXFileReference; fileEncoding = 4; lastKnownFileType = sourcecode.swift; path = ChargePointDevicesView.swift; sourceTree = "<group>"; };
		62DFA74A2A6D400000208E1B /* LocationManager.swift */ = {isa = PBXFileReference; fileEncoding = 4; lastKnownFileType = sourcecode.swift; path = LocationManager.swift; sourceTree = "<group>"; };
		62DFA7502A6DB0A600208E1B /* Color+Ext.swift */ = {isa = PBXFileReference; lastKnownFileType = sourcecode.swift; path = "Color+Ext.swift"; sourceTree = "<group>"; };
		62E16DDA2A72D77500DB3B01 /* LocationDetailsView.swift */ = {isa = PBXFileReference; fileEncoding = 4; lastKnownFileType = sourcecode.swift; path = LocationDetailsView.swift; sourceTree = "<group>"; };
		62FCCDC92A72A094004A9778 /* VM+NetworkData.swift */ = {isa = PBXFileReference; fileEncoding = 4; lastKnownFileType = sourcecode.swift; path = "VM+NetworkData.swift"; sourceTree = "<group>"; };
/* End PBXFileReference section */

/* Begin PBXFrameworksBuildPhase section */
		621A703D2A3B3BC800A04669 /* Frameworks */ = {
			isa = PBXFrameworksBuildPhase;
			buildActionMask = 2147483647;
			files = (
			);
			runOnlyForDeploymentPostprocessing = 0;
		};
		62B32C9D2A4DBE4800C6E8DF /* Frameworks */ = {
			isa = PBXFrameworksBuildPhase;
			buildActionMask = 2147483647;
			files = (
			);
			runOnlyForDeploymentPostprocessing = 0;
		};
/* End PBXFrameworksBuildPhase section */

/* Begin PBXGroup section */
		620929A52A74070200B18959 /* Views */ = {
			isa = PBXGroup;
			children = (
				6213F46E2A73F51600F88877 /* MapPin.swift */,
				620929A62A74072800B18959 /* MapPinView.swift */,
				62B777B62A79AEE100C3857F /* SymbolImageAnimated.swift */,
				6285AFE42A7AFF6600F78AD7 /* SFSymbolImageBounce.swift */,
				62B777B82A79B8C700C3857F /* SFSymbolImageAnimated.swift */,
				62B777C72A7AA8B800C3857F /* ToggleWithGraphic.swift */,
				62B777C62A7AA8B800C3857F /* ToggleWithSymbol.swift */,
			);
			path = Views;
			sourceTree = "<group>";
		};
		621A70372A3B3BC800A04669 = {
			isa = PBXGroup;
			children = (
				621A70422A3B3BC800A04669 /* EVChargePoints */,
				62B32CA12A4DBE4800C6E8DF /* EVChargePointsTests */,
				621A70412A3B3BC800A04669 /* Products */,
			);
			sourceTree = "<group>";
		};
		621A70412A3B3BC800A04669 /* Products */ = {
			isa = PBXGroup;
			children = (
				621A70402A3B3BC800A04669 /* EVChargePoints.app */,
				62B32CA02A4DBE4800C6E8DF /* EVChargePointsTests.xctest */,
			);
			name = Products;
			sourceTree = "<group>";
		};
		621A70422A3B3BC800A04669 /* EVChargePoints */ = {
			isa = PBXGroup;
			children = (
				621A70432A3B3BC800A04669 /* EVChargePointsApp.swift */,
				627531D72A6946CC00F0D8A6 /* Navigation */,
				62718BA22A533076004F0168 /* Mocks */,
				62718BA92A5332D6004F0168 /* UITesting */,
				6223CA4D2A3CFD4D00A87875 /* Features */,
				6223CA462A3CF42200A87875 /* Base */,
				62B32CB32A4DC70800C6E8DF /* Resources */,
				621A70472A3B3BC900A04669 /* Assets.xcassets */,
				621A70492A3B3BC900A04669 /* Preview Content */,
			);
			path = EVChargePoints;
			sourceTree = "<group>";
		};
		621A70492A3B3BC900A04669 /* Preview Content */ = {
			isa = PBXGroup;
			children = (
				621A704A2A3B3BC900A04669 /* Preview Assets.xcassets */,
			);
			path = "Preview Content";
			sourceTree = "<group>";
		};
		6223CA462A3CF42200A87875 /* Base */ = {
			isa = PBXGroup;
			children = (
				6223CA472A3CF42A00A87875 /* API */,
				6223CA542A3DEB6A00A87875 /* Model */,
				620929A52A74070200B18959 /* Views */,
				62B32CA92A4DBF2600C6E8DF /* ViewModel */,
				62DFA7492A6D3FDF00208E1B /* Managers */,
				62718B2C2A51E429004F0168 /* Mapper */,
				628FDEB82A750DE000E85672 /* Validators */,
				628C33112A61E90400232351 /* Extensions */,
			);
			path = Base;
			sourceTree = "<group>";
		};
		6223CA472A3CF42A00A87875 /* API */ = {
			isa = PBXGroup;
			children = (
				6223CA522A3DEAE700A87875 /* Endpoint.swift */,
				62718B322A52038F004F0168 /* DecodeJSON.swift */,
			);
			path = API;
			sourceTree = "<group>";
		};
		6223CA4D2A3CFD4D00A87875 /* Features */ = {
			isa = PBXGroup;
			children = (
				62B32CAB2A4DC34000C6E8DF /* Map */,
				62B32CAA2A4DC33500C6E8DF /* Charge Point List */,
				62B32CC22A4DCEC800C6E8DF /* Charge Point Details */,
				62B32CB52A4DCD1C00C6E8DF /* Routes */,
				62B32CB42A4DCD1400C6E8DF /* Settings */,
				62B32CBC2A4DCE2700C6E8DF /* Filters */,
				62B32CBD2A4DCE3000C6E8DF /* Search */,
			);
			path = Features;
			sourceTree = "<group>";
		};
		6223CA542A3DEB6A00A87875 /* Model */ = {
			isa = PBXGroup;
			children = (
				6260D0F32A79400C005925C4 /* Model */,
				625CEF5E2A6554C000A82048 /* National Chargepoint Registry */,
				628C330F2A61E8AE00232351 /* Address.swift */,
				62B9EA882A72DC6600629421 /* DeviceMapItem.swift */,
				626810442A616A020032C3CA /* MockChargePoints.swift */,
			);
			path = Model;
			sourceTree = "<group>";
		};
		625CEF5E2A6554C000A82048 /* National Chargepoint Registry */ = {
			isa = PBXGroup;
			children = (
				6223CA4E2A3CFD9F00A87875 /* ChargePointData.swift */,
				625CEF5F2A65557400A82048 /* ChargeDevice.swift */,
				625CEF6B2A6556FB00A82048 /* ChargeDeviceLocation.swift */,
				625CEF632A65563100A82048 /* Connector.swift */,
				625CEF652A65565D00A82048 /* DeviceAccess.swift */,
				625CEF672A65569400A82048 /* DeviceController.swift */,
				625CEF692A6556C000A82048 /* DeviceOwner.swift */,
				625CEF612A6555B900A82048 /* LocationType.swift */,
			);
			path = "National Chargepoint Registry";
			sourceTree = "<group>";
		};
		625EB14A2A72A02200E36AA3 /* Extensions to VM */ = {
			isa = PBXGroup;
			children = (
				6255F90E2A72A284006FF6C9 /* VM+AddressFormatting.swift */,
				628FDF222A758BA000E85672 /* VM+ConnectorTypes.swift */,
				6255F90C2A72A178006FF6C9 /* VM+DistanceFormatting.swift */,
				625EB1482A72A01E00E36AA3 /* VM+RegularOpenings.swift */,
				62FCCDC92A72A094004A9778 /* VM+NetworkData.swift */,
			);
			path = "Extensions to VM";
			sourceTree = "<group>";
		};
		6260D0F32A79400C005925C4 /* Model */ = {
			isa = PBXGroup;
			children = (
				62918F2C2A76F76B0099418A /* AccessData.swift */,
				62918F2F2A76FD8B0099418A /* ChargerData.swift */,
				62918F3F2A77BDE00099418A /* ConnectorData.swift */,
				62918F392A771BFF0099418A /* LocationData.swift */,
				625CEF712A65934800A82048 /* NetworkData.swift */,
				62918F332A7703A20099418A /* PaymentData.swift */,
			);
			path = Model;
			sourceTree = "<group>";
		};
		62718B142A51D659004F0168 /* Networking */ = {
			isa = PBXGroup;
			children = (
				62718B1C2A51D7AA004F0168 /* EndpointTests.swift */,
				62718B2A2A51E356004F0168 /* DecodeJSONTests.swift */,
				62718BAE2A533B3F004F0168 /* NetworkManagerTests.swift */,
			);
			path = Networking;
			sourceTree = "<group>";
		};
		62718B152A51D661004F0168 /* JSON */ = {
			isa = PBXGroup;
			children = (
				62B777BA2A7A853000C3857F /* AccessData.json */,
				62B777BD2A7A853100C3857F /* ChargerData.json */,
				62B777BC2A7A853100C3857F /* ConnectorData.json */,
				62B777CA2A7AAC6300C3857F /* LocationData.json */,
				6285AFE22A7AF92900F78AD7 /* NetworkData.json */,
				62B777BB2A7A853000C3857F /* PaymentData.json */,
				628FDF1D2A75881400E85672 /* Test JSON */,
			);
			path = JSON;
			sourceTree = "<group>";
		};
		62718B1F2A51E197004F0168 /* Feature Tests */ = {
			isa = PBXGroup;
			children = (
				62718B202A51E1B0004F0168 /* Details */,
				62718B252A51E1B0004F0168 /* Filters */,
				62718B212A51E1B0004F0168 /* List */,
				62718B242A51E1B0004F0168 /* Map */,
				62718B232A51E1B0004F0168 /* Settings */,
			);
			path = "Feature Tests";
			sourceTree = "<group>";
		};
		62718B202A51E1B0004F0168 /* Details */ = {
			isa = PBXGroup;
			children = (
			);
			path = Details;
			sourceTree = "<group>";
		};
		62718B212A51E1B0004F0168 /* List */ = {
			isa = PBXGroup;
			children = (
			);
			path = List;
			sourceTree = "<group>";
		};
		62718B232A51E1B0004F0168 /* Settings */ = {
			isa = PBXGroup;
			children = (
			);
			path = Settings;
			sourceTree = "<group>";
		};
		62718B242A51E1B0004F0168 /* Map */ = {
			isa = PBXGroup;
			children = (
			);
			path = Map;
			sourceTree = "<group>";
		};
		62718B252A51E1B0004F0168 /* Filters */ = {
			isa = PBXGroup;
			children = (
			);
			path = Filters;
			sourceTree = "<group>";
		};
		62718B2C2A51E429004F0168 /* Mapper */ = {
			isa = PBXGroup;
			children = (
				62718B2D2A51E464004F0168 /* StaticJSONMapper.swift */,
			);
			path = Mapper;
			sourceTree = "<group>";
		};
		62718B9E2A532A8F004F0168 /* Constants */ = {
			isa = PBXGroup;
			children = (
				62B32CB12A4DC6F600C6E8DF /* Tabs.swift */,
				62B32CC32A4DDCB200C6E8DF /* UserDefaultKeys.swift */,
				625CEF5A2A62CC1500A82048 /* AppColors.swift */,
				625CEF5C2A65540E00A82048 /* Symbols.swift */,
			);
			path = Constants;
			sourceTree = "<group>";
		};
		62718B9F2A532ADE004F0168 /* Constants Tests */ = {
			isa = PBXGroup;
			children = (
				62718BA02A532B01004F0168 /* TabsTests.swift */,
			);
			path = "Constants Tests";
			sourceTree = "<group>";
		};
		62718BA22A533076004F0168 /* Mocks */ = {
			isa = PBXGroup;
			children = (
				62718BA32A533093004F0168 /* MockURLSessionProtocol.swift */,
				62718BA52A53314B004F0168 /* NetworkManagerSuccessMock.swift */,
				62718BA62A53314B004F0168 /* NetworkManagerFailureMock.swift */,
			);
			path = Mocks;
			sourceTree = "<group>";
		};
		62718BA92A5332D6004F0168 /* UITesting */ = {
			isa = PBXGroup;
			children = (
				62718BAA2A5332D6004F0168 /* UITestingHelper.swift */,
			);
			path = UITesting;
			sourceTree = "<group>";
		};
		627531D72A6946CC00F0D8A6 /* Navigation */ = {
			isa = PBXGroup;
			children = (
				627531D82A6946E000F0D8A6 /* NavigationRouter.swift */,
				627531DA2A69470800F0D8A6 /* Route.swift */,
			);
			path = Navigation;
			sourceTree = "<group>";
		};
		628C33112A61E90400232351 /* Extensions */ = {
			isa = PBXGroup;
			children = (
				62DFA7502A6DB0A600208E1B /* Color+Ext.swift */,
				628C33122A61E91A00232351 /* String+Ext.swift */,
				62C9F6612A68033B00151FB4 /* View+Navigation.swift */,
			);
			path = Extensions;
			sourceTree = "<group>";
		};
		628FDEB82A750DE000E85672 /* Validators */ = {
			isa = PBXGroup;
			children = (
				625CEF6D2A65648C00A82048 /* Validator.swift */,
			);
			path = Validators;
			sourceTree = "<group>";
		};
		628FDF1D2A75881400E85672 /* Test JSON */ = {
			isa = PBXGroup;
			children = (
				628E15C42A71A9930081D8C4 /* SE1 7PB - London Eye - 1 mile - connector-type-id 4.json */,
			);
			path = "Test JSON";
			sourceTree = "<group>";
		};
		62918F2E2A76F96C0099418A /* Sub Views */ = {
			isa = PBXGroup;
			children = (
				628FDF292A75968800E85672 /* AccessFiltersView.swift */,
				628FDF282A75968800E85672 /* ChargerFiltersView.swift */,
				628FDF242A75968800E85672 /* ConnectorFiltersView.swift */,
				628FDF272A75968800E85672 /* LocationFiltersView.swift */,
				628FDF252A75968800E85672 /* NetworkFiltersView.swift */,
				628FDF262A75968800E85672 /* PaymentFiltersView.swift */,
			);
			path = "Sub Views";
			sourceTree = "<group>";
		};
		62B32CA12A4DBE4800C6E8DF /* EVChargePointsTests */ = {
			isa = PBXGroup;
			children = (
				62718B9F2A532ADE004F0168 /* Constants Tests */,
				62718B1F2A51E197004F0168 /* Feature Tests */,
				62718B142A51D659004F0168 /* Networking */,
			);
			path = EVChargePointsTests;
			sourceTree = "<group>";
		};
		62B32CA92A4DBF2600C6E8DF /* ViewModel */ = {
			isa = PBXGroup;
			children = (
				6223CA502A3CFDC300A87875 /* ChargePointViewModel.swift */,
				625EB14A2A72A02200E36AA3 /* Extensions to VM */,
			);
			path = ViewModel;
			sourceTree = "<group>";
		};
		62B32CAA2A4DC33500C6E8DF /* Charge Point List */ = {
			isa = PBXGroup;
			children = (
				621A70452A3B3BC800A04669 /* ChargePointListView.swift */,
				626810422A61595F0032C3CA /* ChargePointRow.swift */,
			);
			path = "Charge Point List";
			sourceTree = "<group>";
		};
		62B32CAB2A4DC34000C6E8DF /* Map */ = {
			isa = PBXGroup;
			children = (
				62E16DDA2A72D77500DB3B01 /* LocationDetailsView.swift */,
				62B32CAF2A4DC3F300C6E8DF /* MapView.swift */,
			);
			path = Map;
			sourceTree = "<group>";
		};
		62B32CB32A4DC70800C6E8DF /* Resources */ = {
			isa = PBXGroup;
			children = (
				62718B9E2A532A8F004F0168 /* Constants */,
				62718B152A51D661004F0168 /* JSON */,
			);
			path = Resources;
			sourceTree = "<group>";
		};
		62B32CB42A4DCD1400C6E8DF /* Settings */ = {
			isa = PBXGroup;
			children = (
				62B32CB82A4DCDE600C6E8DF /* SettingsView.swift */,
			);
			path = Settings;
			sourceTree = "<group>";
		};
		62B32CB52A4DCD1C00C6E8DF /* Routes */ = {
			isa = PBXGroup;
			children = (
				62B32CB62A4DCDD900C6E8DF /* RoutesView.swift */,
			);
			path = Routes;
			sourceTree = "<group>";
		};
		62B32CBC2A4DCE2700C6E8DF /* Filters */ = {
			isa = PBXGroup;
			children = (
				62918F352A7705280099418A /* FiltersViewModel.swift */,
				62B32CBA2A4DCDF900C6E8DF /* FiltersView.swift */,
				62918F2E2A76F96C0099418A /* Sub Views */,
			);
			path = Filters;
			sourceTree = "<group>";
		};
		62B32CBD2A4DCE3000C6E8DF /* Search */ = {
			isa = PBXGroup;
			children = (
				62B32CC02A4DCE8A00C6E8DF /* RecentSearchesView.swift */,
			);
			path = Search;
			sourceTree = "<group>";
		};
		62B32CC22A4DCEC800C6E8DF /* Charge Point Details */ = {
			isa = PBXGroup;
			children = (
				62B32CAD2A4DC3E500C6E8DF /* ChargePointDetailView.swift */,
				62C9F6632A68044800151FB4 /* ChargePointInfoView.swift */,
				62C9F6652A68045300151FB4 /* ChargePointDevicesView.swift */,
			);
			path = "Charge Point Details";
			sourceTree = "<group>";
		};
		62DFA7492A6D3FDF00208E1B /* Managers */ = {
			isa = PBXGroup;
			children = (
				62DFA74A2A6D400000208E1B /* LocationManager.swift */,
				6223CA482A3CF46E00A87875 /* NetworkManager.swift */,
			);
			path = Managers;
			sourceTree = "<group>";
		};
/* End PBXGroup section */

/* Begin PBXNativeTarget section */
		621A703F2A3B3BC800A04669 /* EVChargePoints */ = {
			isa = PBXNativeTarget;
			buildConfigurationList = 621A704E2A3B3BC900A04669 /* Build configuration list for PBXNativeTarget "EVChargePoints" */;
			buildPhases = (
				62718BAD2A533698004F0168 /* SwiftLint */,
				621A703C2A3B3BC800A04669 /* Sources */,
				621A703D2A3B3BC800A04669 /* Frameworks */,
				621A703E2A3B3BC800A04669 /* Resources */,
			);
			buildRules = (
			);
			dependencies = (
			);
			name = EVChargePoints;
			productName = EVChargePoints;
			productReference = 621A70402A3B3BC800A04669 /* EVChargePoints.app */;
			productType = "com.apple.product-type.application";
		};
		62B32C9F2A4DBE4800C6E8DF /* EVChargePointsTests */ = {
			isa = PBXNativeTarget;
			buildConfigurationList = 62B32CA82A4DBE4800C6E8DF /* Build configuration list for PBXNativeTarget "EVChargePointsTests" */;
			buildPhases = (
				62B32C9C2A4DBE4800C6E8DF /* Sources */,
				62B32C9D2A4DBE4800C6E8DF /* Frameworks */,
				62B32C9E2A4DBE4800C6E8DF /* Resources */,
			);
			buildRules = (
			);
			dependencies = (
				62B32CA52A4DBE4800C6E8DF /* PBXTargetDependency */,
			);
			name = EVChargePointsTests;
			productName = EVChargePointsTests;
			productReference = 62B32CA02A4DBE4800C6E8DF /* EVChargePointsTests.xctest */;
			productType = "com.apple.product-type.bundle.unit-test";
		};
/* End PBXNativeTarget section */

/* Begin PBXProject section */
		621A70382A3B3BC800A04669 /* Project object */ = {
			isa = PBXProject;
			attributes = {
				BuildIndependentTargetsInParallel = 1;
				LastSwiftUpdateCheck = 1500;
				LastUpgradeCheck = 1500;
				TargetAttributes = {
					621A703F2A3B3BC800A04669 = {
						CreatedOnToolsVersion = 15.0;
					};
					62B32C9F2A4DBE4800C6E8DF = {
						CreatedOnToolsVersion = 15.0;
						TestTargetID = 621A703F2A3B3BC800A04669;
					};
				};
			};
			buildConfigurationList = 621A703B2A3B3BC800A04669 /* Build configuration list for PBXProject "EVChargePoints" */;
			compatibilityVersion = "Xcode 14.0";
			developmentRegion = en;
			hasScannedForEncodings = 0;
			knownRegions = (
				en,
				Base,
			);
			mainGroup = 621A70372A3B3BC800A04669;
			productRefGroup = 621A70412A3B3BC800A04669 /* Products */;
			projectDirPath = "";
			projectRoot = "";
			targets = (
				621A703F2A3B3BC800A04669 /* EVChargePoints */,
				62B32C9F2A4DBE4800C6E8DF /* EVChargePointsTests */,
			);
		};
/* End PBXProject section */

/* Begin PBXResourcesBuildPhase section */
		621A703E2A3B3BC800A04669 /* Resources */ = {
			isa = PBXResourcesBuildPhase;
			buildActionMask = 2147483647;
			files = (
				621A704B2A3B3BC900A04669 /* Preview Assets.xcassets in Resources */,
				62B777CB2A7AAC6300C3857F /* LocationData.json in Resources */,
				62B777C22A7A853100C3857F /* ConnectorData.json in Resources */,
				62B777C32A7A853100C3857F /* ChargerData.json in Resources */,
				628E15C52A71A9930081D8C4 /* SE1 7PB - London Eye - 1 mile - connector-type-id 4.json in Resources */,
				62B777C12A7A853100C3857F /* PaymentData.json in Resources */,
				621A70482A3B3BC900A04669 /* Assets.xcassets in Resources */,
				62B777C02A7A853100C3857F /* AccessData.json in Resources */,
				6285AFE32A7AF92900F78AD7 /* NetworkData.json in Resources */,
			);
			runOnlyForDeploymentPostprocessing = 0;
		};
		62B32C9E2A4DBE4800C6E8DF /* Resources */ = {
			isa = PBXResourcesBuildPhase;
			buildActionMask = 2147483647;
			files = (
			);
			runOnlyForDeploymentPostprocessing = 0;
		};
/* End PBXResourcesBuildPhase section */

/* Begin PBXShellScriptBuildPhase section */
		62718BAD2A533698004F0168 /* SwiftLint */ = {
			isa = PBXShellScriptBuildPhase;
			alwaysOutOfDate = 1;
			buildActionMask = 8;
			files = (
			);
			inputFileListPaths = (
			);
			inputPaths = (
			);
			name = SwiftLint;
			outputFileListPaths = (
			);
			outputPaths = (
			);
			runOnlyForDeploymentPostprocessing = 1;
			shellPath = /bin/sh;
			shellScript = "export PATH=\"$PATH:/opt/homebrew/bin\"\nif which swiftlint > /dev/null; then\n  swiftlint\nelse\n  echo \"warning: SwiftLint not installed, download from https://github.com/realm/SwiftLint\"\nfi\n";
		};
/* End PBXShellScriptBuildPhase section */

/* Begin PBXSourcesBuildPhase section */
		621A703C2A3B3BC800A04669 /* Sources */ = {
			isa = PBXSourcesBuildPhase;
			buildActionMask = 2147483647;
			files = (
				6223CA512A3CFDC300A87875 /* ChargePointViewModel.swift in Sources */,
				625CEF722A65934800A82048 /* NetworkData.swift in Sources */,
				62B777B92A79B8C700C3857F /* SFSymbolImageAnimated.swift in Sources */,
				62718B332A52038F004F0168 /* DecodeJSON.swift in Sources */,
				625CEF642A65563100A82048 /* Connector.swift in Sources */,
				6255F90D2A72A178006FF6C9 /* VM+DistanceFormatting.swift in Sources */,
				62718BA82A53314B004F0168 /* NetworkManagerFailureMock.swift in Sources */,
				62718BA42A533093004F0168 /* MockURLSessionProtocol.swift in Sources */,
				62B32CB02A4DC3F300C6E8DF /* MapView.swift in Sources */,
				6223CA492A3CF46E00A87875 /* NetworkManager.swift in Sources */,
				625CEF6A2A6556C000A82048 /* DeviceOwner.swift in Sources */,
				62918F2D2A76F76B0099418A /* AccessData.swift in Sources */,
				62C9F6662A68045300151FB4 /* ChargePointDevicesView.swift in Sources */,
				625CEF5B2A62CC1500A82048 /* AppColors.swift in Sources */,
				628C33132A61E91A00232351 /* String+Ext.swift in Sources */,
				621A70462A3B3BC800A04669 /* ChargePointListView.swift in Sources */,
				62918F302A76FD8B0099418A /* ChargerData.swift in Sources */,
				627531DB2A69470800F0D8A6 /* Route.swift in Sources */,
				62B32CBB2A4DCDF900C6E8DF /* FiltersView.swift in Sources */,
				625CEF6E2A65648C00A82048 /* Validator.swift in Sources */,
				625EB1492A72A01E00E36AA3 /* VM+RegularOpenings.swift in Sources */,
				626810452A616A020032C3CA /* MockChargePoints.swift in Sources */,
				62718BAB2A5332D6004F0168 /* UITestingHelper.swift in Sources */,
				62918F362A7705280099418A /* FiltersViewModel.swift in Sources */,
				62B777C92A7AA8B800C3857F /* ToggleWithGraphic.swift in Sources */,
				621A70442A3B3BC800A04669 /* EVChargePointsApp.swift in Sources */,
				62B32CAE2A4DC3E500C6E8DF /* ChargePointDetailView.swift in Sources */,
				6255F90F2A72A284006FF6C9 /* VM+AddressFormatting.swift in Sources */,
				62718BA72A53314B004F0168 /* NetworkManagerSuccessMock.swift in Sources */,
				62FCCDCA2A72A094004A9778 /* VM+NetworkData.swift in Sources */,
				6213F46F2A73F51700F88877 /* MapPin.swift in Sources */,
				625CEF6C2A6556FB00A82048 /* ChargeDeviceLocation.swift in Sources */,
				628FDF232A758BA000E85672 /* VM+ConnectorTypes.swift in Sources */,
				625CEF602A65557400A82048 /* ChargeDevice.swift in Sources */,
				628FDF2F2A75968800E85672 /* AccessFiltersView.swift in Sources */,
				625CEF622A6555B900A82048 /* LocationType.swift in Sources */,
				62B777B72A79AEE100C3857F /* SymbolImageAnimated.swift in Sources */,
				627531D92A6946E000F0D8A6 /* NavigationRouter.swift in Sources */,
				62B32CB72A4DCDD900C6E8DF /* RoutesView.swift in Sources */,
				625CEF682A65569400A82048 /* DeviceController.swift in Sources */,
				62C9F6642A68044800151FB4 /* ChargePointInfoView.swift in Sources */,
				62918F3A2A771BFF0099418A /* LocationData.swift in Sources */,
				62DFA7512A6DB0A600208E1B /* Color+Ext.swift in Sources */,
				62B32CC12A4DCE8A00C6E8DF /* RecentSearchesView.swift in Sources */,
				6223CA532A3DEAE700A87875 /* Endpoint.swift in Sources */,
				62C9F6622A68033B00151FB4 /* View+Navigation.swift in Sources */,
				6285AFE52A7AFF6600F78AD7 /* SFSymbolImageBounce.swift in Sources */,
				628C33102A61E8AE00232351 /* Address.swift in Sources */,
				6223CA4F2A3CFD9F00A87875 /* ChargePointData.swift in Sources */,
				62DFA74B2A6D400000208E1B /* LocationManager.swift in Sources */,
				620929A72A74072800B18959 /* MapPinView.swift in Sources */,
				628FDF2E2A75968800E85672 /* ChargerFiltersView.swift in Sources */,
				62918F342A7703A20099418A /* PaymentData.swift in Sources */,
				628FDF2D2A75968800E85672 /* LocationFiltersView.swift in Sources */,
				628FDF2A2A75968800E85672 /* ConnectorFiltersView.swift in Sources */,
				62B777C82A7AA8B800C3857F /* ToggleWithSymbol.swift in Sources */,
				62B32CB22A4DC6F600C6E8DF /* Tabs.swift in Sources */,
				628FDF2B2A75968800E85672 /* NetworkFiltersView.swift in Sources */,
				628FDF2C2A75968800E85672 /* PaymentFiltersView.swift in Sources */,
				62918F402A77BDE00099418A /* ConnectorData.swift in Sources */,
				625CEF5D2A65540E00A82048 /* Symbols.swift in Sources */,
				625CEF662A65565D00A82048 /* DeviceAccess.swift in Sources */,
				62B32CC42A4DDCB200C6E8DF /* UserDefaultKeys.swift in Sources */,
				62B32CB92A4DCDE600C6E8DF /* SettingsView.swift in Sources */,
				626810432A61595F0032C3CA /* ChargePointRow.swift in Sources */,
				62B9EA892A72DC6600629421 /* DeviceMapItem.swift in Sources */,
				62E16DDB2A72D77500DB3B01 /* LocationDetailsView.swift in Sources */,
				62718B2E2A51E464004F0168 /* StaticJSONMapper.swift in Sources */,
			);
			runOnlyForDeploymentPostprocessing = 0;
		};
		62B32C9C2A4DBE4800C6E8DF /* Sources */ = {
			isa = PBXSourcesBuildPhase;
			buildActionMask = 2147483647;
			files = (
				62718BAF2A533B3F004F0168 /* NetworkManagerTests.swift in Sources */,
				62718B2B2A51E356004F0168 /* DecodeJSONTests.swift in Sources */,
				62718B1D2A51D7AA004F0168 /* EndpointTests.swift in Sources */,
				62718BA12A532B01004F0168 /* TabsTests.swift in Sources */,
			);
			runOnlyForDeploymentPostprocessing = 0;
		};
/* End PBXSourcesBuildPhase section */

/* Begin PBXTargetDependency section */
		62B32CA52A4DBE4800C6E8DF /* PBXTargetDependency */ = {
			isa = PBXTargetDependency;
			target = 621A703F2A3B3BC800A04669 /* EVChargePoints */;
			targetProxy = 62B32CA42A4DBE4800C6E8DF /* PBXContainerItemProxy */;
		};
/* End PBXTargetDependency section */

/* Begin XCBuildConfiguration section */
		621A704C2A3B3BC900A04669 /* Debug */ = {
			isa = XCBuildConfiguration;
			buildSettings = {
				ALWAYS_SEARCH_USER_PATHS = NO;
				ASSETCATALOG_COMPILER_GENERATE_SWIFT_ASSET_SYMBOL_EXTENSIONS = YES;
				CLANG_ANALYZER_NONNULL = YES;
				CLANG_ANALYZER_NUMBER_OBJECT_CONVERSION = YES_AGGRESSIVE;
				CLANG_CXX_LANGUAGE_STANDARD = "gnu++20";
				CLANG_ENABLE_MODULES = YES;
				CLANG_ENABLE_OBJC_ARC = YES;
				CLANG_ENABLE_OBJC_WEAK = YES;
				CLANG_WARN_BLOCK_CAPTURE_AUTORELEASING = YES;
				CLANG_WARN_BOOL_CONVERSION = YES;
				CLANG_WARN_COMMA = YES;
				CLANG_WARN_CONSTANT_CONVERSION = YES;
				CLANG_WARN_DEPRECATED_OBJC_IMPLEMENTATIONS = YES;
				CLANG_WARN_DIRECT_OBJC_ISA_USAGE = YES_ERROR;
				CLANG_WARN_DOCUMENTATION_COMMENTS = YES;
				CLANG_WARN_EMPTY_BODY = YES;
				CLANG_WARN_ENUM_CONVERSION = YES;
				CLANG_WARN_INFINITE_RECURSION = YES;
				CLANG_WARN_INT_CONVERSION = YES;
				CLANG_WARN_NON_LITERAL_NULL_CONVERSION = YES;
				CLANG_WARN_OBJC_IMPLICIT_RETAIN_SELF = YES;
				CLANG_WARN_OBJC_LITERAL_CONVERSION = YES;
				CLANG_WARN_OBJC_ROOT_CLASS = YES_ERROR;
				CLANG_WARN_QUOTED_INCLUDE_IN_FRAMEWORK_HEADER = YES;
				CLANG_WARN_RANGE_LOOP_ANALYSIS = YES;
				CLANG_WARN_STRICT_PROTOTYPES = YES;
				CLANG_WARN_SUSPICIOUS_MOVE = YES;
				CLANG_WARN_UNGUARDED_AVAILABILITY = YES_AGGRESSIVE;
				CLANG_WARN_UNREACHABLE_CODE = YES;
				CLANG_WARN__DUPLICATE_METHOD_MATCH = YES;
				COPY_PHASE_STRIP = NO;
				DEBUG_INFORMATION_FORMAT = dwarf;
				ENABLE_STRICT_OBJC_MSGSEND = YES;
				ENABLE_TESTABILITY = YES;
				ENABLE_USER_SCRIPT_SANDBOXING = YES;
				GCC_C_LANGUAGE_STANDARD = gnu17;
				GCC_DYNAMIC_NO_PIC = NO;
				GCC_NO_COMMON_BLOCKS = YES;
				GCC_OPTIMIZATION_LEVEL = 0;
				GCC_PREPROCESSOR_DEFINITIONS = (
					"DEBUG=1",
					"$(inherited)",
				);
				GCC_WARN_64_TO_32_BIT_CONVERSION = YES;
				GCC_WARN_ABOUT_RETURN_TYPE = YES_ERROR;
				GCC_WARN_UNDECLARED_SELECTOR = YES;
				GCC_WARN_UNINITIALIZED_AUTOS = YES_AGGRESSIVE;
				GCC_WARN_UNUSED_FUNCTION = YES;
				GCC_WARN_UNUSED_VARIABLE = YES;
				IPHONEOS_DEPLOYMENT_TARGET = 17.0;
				LOCALIZATION_PREFERS_STRING_CATALOGS = YES;
				MTL_ENABLE_DEBUG_INFO = INCLUDE_SOURCE;
				MTL_FAST_MATH = YES;
				ONLY_ACTIVE_ARCH = YES;
				SDKROOT = iphoneos;
				SWIFT_ACTIVE_COMPILATION_CONDITIONS = "DEBUG $(inherited)";
				SWIFT_OPTIMIZATION_LEVEL = "-Onone";
			};
			name = Debug;
		};
		621A704D2A3B3BC900A04669 /* Release */ = {
			isa = XCBuildConfiguration;
			buildSettings = {
				ALWAYS_SEARCH_USER_PATHS = NO;
				ASSETCATALOG_COMPILER_GENERATE_SWIFT_ASSET_SYMBOL_EXTENSIONS = YES;
				CLANG_ANALYZER_NONNULL = YES;
				CLANG_ANALYZER_NUMBER_OBJECT_CONVERSION = YES_AGGRESSIVE;
				CLANG_CXX_LANGUAGE_STANDARD = "gnu++20";
				CLANG_ENABLE_MODULES = YES;
				CLANG_ENABLE_OBJC_ARC = YES;
				CLANG_ENABLE_OBJC_WEAK = YES;
				CLANG_WARN_BLOCK_CAPTURE_AUTORELEASING = YES;
				CLANG_WARN_BOOL_CONVERSION = YES;
				CLANG_WARN_COMMA = YES;
				CLANG_WARN_CONSTANT_CONVERSION = YES;
				CLANG_WARN_DEPRECATED_OBJC_IMPLEMENTATIONS = YES;
				CLANG_WARN_DIRECT_OBJC_ISA_USAGE = YES_ERROR;
				CLANG_WARN_DOCUMENTATION_COMMENTS = YES;
				CLANG_WARN_EMPTY_BODY = YES;
				CLANG_WARN_ENUM_CONVERSION = YES;
				CLANG_WARN_INFINITE_RECURSION = YES;
				CLANG_WARN_INT_CONVERSION = YES;
				CLANG_WARN_NON_LITERAL_NULL_CONVERSION = YES;
				CLANG_WARN_OBJC_IMPLICIT_RETAIN_SELF = YES;
				CLANG_WARN_OBJC_LITERAL_CONVERSION = YES;
				CLANG_WARN_OBJC_ROOT_CLASS = YES_ERROR;
				CLANG_WARN_QUOTED_INCLUDE_IN_FRAMEWORK_HEADER = YES;
				CLANG_WARN_RANGE_LOOP_ANALYSIS = YES;
				CLANG_WARN_STRICT_PROTOTYPES = YES;
				CLANG_WARN_SUSPICIOUS_MOVE = YES;
				CLANG_WARN_UNGUARDED_AVAILABILITY = YES_AGGRESSIVE;
				CLANG_WARN_UNREACHABLE_CODE = YES;
				CLANG_WARN__DUPLICATE_METHOD_MATCH = YES;
				COPY_PHASE_STRIP = NO;
				DEBUG_INFORMATION_FORMAT = "dwarf-with-dsym";
				ENABLE_NS_ASSERTIONS = NO;
				ENABLE_STRICT_OBJC_MSGSEND = YES;
				ENABLE_USER_SCRIPT_SANDBOXING = YES;
				GCC_C_LANGUAGE_STANDARD = gnu17;
				GCC_NO_COMMON_BLOCKS = YES;
				GCC_WARN_64_TO_32_BIT_CONVERSION = YES;
				GCC_WARN_ABOUT_RETURN_TYPE = YES_ERROR;
				GCC_WARN_UNDECLARED_SELECTOR = YES;
				GCC_WARN_UNINITIALIZED_AUTOS = YES_AGGRESSIVE;
				GCC_WARN_UNUSED_FUNCTION = YES;
				GCC_WARN_UNUSED_VARIABLE = YES;
				IPHONEOS_DEPLOYMENT_TARGET = 17.0;
				LOCALIZATION_PREFERS_STRING_CATALOGS = YES;
				MTL_ENABLE_DEBUG_INFO = NO;
				MTL_FAST_MATH = YES;
				SDKROOT = iphoneos;
				SWIFT_COMPILATION_MODE = wholemodule;
				VALIDATE_PRODUCT = YES;
			};
			name = Release;
		};
		621A704F2A3B3BC900A04669 /* Debug */ = {
			isa = XCBuildConfiguration;
			buildSettings = {
				ASSETCATALOG_COMPILER_APPICON_NAME = AppIcon;
				ASSETCATALOG_COMPILER_GLOBAL_ACCENT_COLOR_NAME = AccentColor;
				CODE_SIGN_STYLE = Automatic;
				CURRENT_PROJECT_VERSION = 1;
				DEVELOPMENT_ASSET_PATHS = "\"EVChargePoints/Preview Content\"";
				DEVELOPMENT_TEAM = FHAC9785V4;
				ENABLE_PREVIEWS = YES;
				GENERATE_INFOPLIST_FILE = YES;
				INFOPLIST_KEY_NSLocationWhenInUseUsageDescription = "Allow $(PRODUCT_NAME) to access your location to calculate distances";
				INFOPLIST_KEY_UIApplicationSceneManifest_Generation = YES;
				INFOPLIST_KEY_UIApplicationSupportsIndirectInputEvents = YES;
				INFOPLIST_KEY_UILaunchScreen_Generation = YES;
				INFOPLIST_KEY_UISupportedInterfaceOrientations_iPad = "UIInterfaceOrientationPortrait UIInterfaceOrientationPortraitUpsideDown UIInterfaceOrientationLandscapeLeft UIInterfaceOrientationLandscapeRight";
				INFOPLIST_KEY_UISupportedInterfaceOrientations_iPhone = "UIInterfaceOrientationPortrait UIInterfaceOrientationLandscapeLeft UIInterfaceOrientationLandscapeRight";
				LD_RUNPATH_SEARCH_PATHS = (
					"$(inherited)",
					"@executable_path/Frameworks",
				);
				MARKETING_VERSION = 1.0;
				PRODUCT_BUNDLE_IDENTIFIER = com.emanel.EVChargePoints;
				PRODUCT_NAME = "$(TARGET_NAME)";
				SWIFT_EMIT_LOC_STRINGS = YES;
				SWIFT_VERSION = 5.0;
				TARGETED_DEVICE_FAMILY = "1,2";
			};
			name = Debug;
		};
		621A70502A3B3BC900A04669 /* Release */ = {
			isa = XCBuildConfiguration;
			buildSettings = {
				ASSETCATALOG_COMPILER_APPICON_NAME = AppIcon;
				ASSETCATALOG_COMPILER_GLOBAL_ACCENT_COLOR_NAME = AccentColor;
				CODE_SIGN_STYLE = Automatic;
				CURRENT_PROJECT_VERSION = 1;
				DEVELOPMENT_ASSET_PATHS = "\"EVChargePoints/Preview Content\"";
				DEVELOPMENT_TEAM = FHAC9785V4;
				ENABLE_PREVIEWS = YES;
				GENERATE_INFOPLIST_FILE = YES;
				INFOPLIST_KEY_NSLocationWhenInUseUsageDescription = "Allow $(PRODUCT_NAME) to access your location to calculate distances";
				INFOPLIST_KEY_UIApplicationSceneManifest_Generation = YES;
				INFOPLIST_KEY_UIApplicationSupportsIndirectInputEvents = YES;
				INFOPLIST_KEY_UILaunchScreen_Generation = YES;
				INFOPLIST_KEY_UISupportedInterfaceOrientations_iPad = "UIInterfaceOrientationPortrait UIInterfaceOrientationPortraitUpsideDown UIInterfaceOrientationLandscapeLeft UIInterfaceOrientationLandscapeRight";
				INFOPLIST_KEY_UISupportedInterfaceOrientations_iPhone = "UIInterfaceOrientationPortrait UIInterfaceOrientationLandscapeLeft UIInterfaceOrientationLandscapeRight";
				LD_RUNPATH_SEARCH_PATHS = (
					"$(inherited)",
					"@executable_path/Frameworks",
				);
				MARKETING_VERSION = 1.0;
				PRODUCT_BUNDLE_IDENTIFIER = com.emanel.EVChargePoints;
				PRODUCT_NAME = "$(TARGET_NAME)";
				SWIFT_EMIT_LOC_STRINGS = YES;
				SWIFT_VERSION = 5.0;
				TARGETED_DEVICE_FAMILY = "1,2";
			};
			name = Release;
		};
		62B32CA62A4DBE4800C6E8DF /* Debug */ = {
			isa = XCBuildConfiguration;
			buildSettings = {
				BUNDLE_LOADER = "$(TEST_HOST)";
				CODE_SIGN_STYLE = Automatic;
				CURRENT_PROJECT_VERSION = 1;
				DEVELOPMENT_TEAM = FHAC9785V4;
				GENERATE_INFOPLIST_FILE = YES;
				MARKETING_VERSION = 1.0;
				PRODUCT_BUNDLE_IDENTIFIER = com.emanel.EVChargePointsTests;
				PRODUCT_NAME = "$(TARGET_NAME)";
				SWIFT_EMIT_LOC_STRINGS = NO;
				SWIFT_VERSION = 5.0;
				TARGETED_DEVICE_FAMILY = "1,2";
				TEST_HOST = "$(BUILT_PRODUCTS_DIR)/EVChargePoints.app/$(BUNDLE_EXECUTABLE_FOLDER_PATH)/EVChargePoints";
			};
			name = Debug;
		};
		62B32CA72A4DBE4800C6E8DF /* Release */ = {
			isa = XCBuildConfiguration;
			buildSettings = {
				BUNDLE_LOADER = "$(TEST_HOST)";
				CODE_SIGN_STYLE = Automatic;
				CURRENT_PROJECT_VERSION = 1;
				DEVELOPMENT_TEAM = FHAC9785V4;
				GENERATE_INFOPLIST_FILE = YES;
				MARKETING_VERSION = 1.0;
				PRODUCT_BUNDLE_IDENTIFIER = com.emanel.EVChargePointsTests;
				PRODUCT_NAME = "$(TARGET_NAME)";
				SWIFT_EMIT_LOC_STRINGS = NO;
				SWIFT_VERSION = 5.0;
				TARGETED_DEVICE_FAMILY = "1,2";
				TEST_HOST = "$(BUILT_PRODUCTS_DIR)/EVChargePoints.app/$(BUNDLE_EXECUTABLE_FOLDER_PATH)/EVChargePoints";
			};
			name = Release;
		};
/* End XCBuildConfiguration section */

/* Begin XCConfigurationList section */
		621A703B2A3B3BC800A04669 /* Build configuration list for PBXProject "EVChargePoints" */ = {
			isa = XCConfigurationList;
			buildConfigurations = (
				621A704C2A3B3BC900A04669 /* Debug */,
				621A704D2A3B3BC900A04669 /* Release */,
			);
			defaultConfigurationIsVisible = 0;
			defaultConfigurationName = Release;
		};
		621A704E2A3B3BC900A04669 /* Build configuration list for PBXNativeTarget "EVChargePoints" */ = {
			isa = XCConfigurationList;
			buildConfigurations = (
				621A704F2A3B3BC900A04669 /* Debug */,
				621A70502A3B3BC900A04669 /* Release */,
			);
			defaultConfigurationIsVisible = 0;
			defaultConfigurationName = Release;
		};
		62B32CA82A4DBE4800C6E8DF /* Build configuration list for PBXNativeTarget "EVChargePointsTests" */ = {
			isa = XCConfigurationList;
			buildConfigurations = (
				62B32CA62A4DBE4800C6E8DF /* Debug */,
				62B32CA72A4DBE4800C6E8DF /* Release */,
			);
			defaultConfigurationIsVisible = 0;
			defaultConfigurationName = Release;
		};
/* End XCConfigurationList section */
	};
	rootObject = 621A70382A3B3BC800A04669 /* Project object */;
}
